
Microsoft Visual Studio Solution File, Format Version 12.00
# Visual Studio 15
Project("{FAE04EC0-301F-11D3-BF4B-00C04F79EFBC}") = "Assembly-CSharp", "Assembly-CSharp.csproj", "{3397D5D0-5B9F-4F5C-0217-0B483D7684D7}"
EndProject
Project("{FAE04EC0-301F-11D3-BF4B-00C04F79EFBC}") = "Assembly-CSharp-Editor", "Assembly-CSharp-Editor.csproj", "{8781A425-8C94-6B47-18ED-C877F2EACEB7}"
EndProject
Project("{FAE04EC0-301F-11D3-BF4B-00C04F79EFBC}") = "Assembly-CSharp-Editor-firstpass", "Assembly-CSharp-Editor-firstpass.csproj", "{A32AA0E0-0D53-E0B9-1843-BD211FDE36AA}"
EndProject
Global
	GlobalSection(SolutionConfigurationPlatforms) = preSolution
		Debug|Any CPU = Debug|Any CPU
		Release|Any CPU = Release|Any CPU
	EndGlobalSection
	GlobalSection(ProjectConfigurationPlatforms) = postSolution
		{3397D5D0-5B9F-4F5C-0217-0B483D7684D7}.Debug|Any CPU.ActiveCfg = Debug|Any CPU
		{3397D5D0-5B9F-4F5C-0217-0B483D7684D7}.Debug|Any CPU.Build.0 = Debug|Any CPU
		{3397D5D0-5B9F-4F5C-0217-0B483D7684D7}.Release|Any CPU.ActiveCfg = Release|Any CPU
		{3397D5D0-5B9F-4F5C-0217-0B483D7684D7}.Release|Any CPU.Build.0 = Release|Any CPU
		{8781A425-8C94-6B47-18ED-C877F2EACEB7}.Debug|Any CPU.ActiveCfg = Debug|Any CPU
		{8781A425-8C94-6B47-18ED-C877F2EACEB7}.Debug|Any CPU.Build.0 = Debug|Any CPU
		{8781A425-8C94-6B47-18ED-C877F2EACEB7}.Release|Any CPU.ActiveCfg = Release|Any CPU
		{8781A425-8C94-6B47-18ED-C877F2EACEB7}.Release|Any CPU.Build.0 = Release|Any CPU
		{A32AA0E0-0D53-E0B9-1843-BD211FDE36AA}.Debug|Any CPU.ActiveCfg = Debug|Any CPU
		{A32AA0E0-0D53-E0B9-1843-BD211FDE36AA}.Debug|Any CPU.Build.0 = Debug|Any CPU
		{A32AA0E0-0D53-E0B9-1843-BD211FDE36AA}.Release|Any CPU.ActiveCfg = Release|Any CPU
		{A32AA0E0-0D53-E0B9-1843-BD211FDE36AA}.Release|Any CPU.Build.0 = Release|Any CPU
	EndGlobalSection
	GlobalSection(SolutionProperties) = preSolution
		HideSolutionNode = FALSE
	EndGlobalSection
EndGlobal
